
Microsoft Visual Studio Solution File, Format Version 12.00
# Visual Studio Version 17
VisualStudioVersion = 17.13.35931.197 d17.13
MinimumVisualStudioVersion = 10.0.40219.1
Project("{2150E333-8FDC-42A3-9474-1A3956D46DE8}") = "01. Single Responsibility Principle (SRP)", "01. Single Responsibility Principle (SRP)", "{02EA681E-C7D8-13C7-8484-4AC65E1B71E8}"
EndProject
Project("{FAE04EC0-301F-11D3-BF4B-00C04F79EFBC}") = "SRP", "SRP\SRP.csproj", "{4D6D5048-8547-426C-9024-43210AE4C1FD}"
EndProject
Project("{2150E333-8FDC-42A3-9474-1A3956D46DE8}") = "02. Open Closed Principle (OCP)", "02. Open Closed Principle (OCP)", "{0D2DA38A-5EDC-42B4-A32C-2EAAA946F962}"
EndProject
Project("{FAE04EC0-301F-11D3-BF4B-00C04F79EFBC}") = "OCP", "OCP\OCP.csproj", "{2A54B0BB-A122-4C15-954E-2A07276EB0B0}"
EndProject
Project("{2150E333-8FDC-42A3-9474-1A3956D46DE8}") = "03. Liskov Substitution Principle (LSP)", "03. Liskov Substitution Principle (LSP)", "{7DE943C8-D397-489D-A1B1-145D131EBE99}"
EndProject
Project("{FAE04EC0-301F-11D3-BF4B-00C04F79EFBC}") = "LSP", "LSP\LSP.csproj", "{68AFD9F6-91BB-4C83-93BE-8E950CD1D0C2}"
EndProject
Project("{2150E333-8FDC-42A3-9474-1A3956D46DE8}") = "04. Interface Segregation Principle (ISP)", "04. Interface Segregation Principle (ISP)", "{A32BC86D-A5DA-4527-9527-56B6DF51CFC8}"
EndProject
Project("{FAE04EC0-301F-11D3-BF4B-00C04F79EFBC}") = "ISP", "ISP\ISP.csproj", "{E28E31C2-DC16-48D6-B165-700020D73434}"
EndProject
Project("{2150E333-8FDC-42A3-9474-1A3956D46DE8}") = "05. Dependency Inversion Principle (DIP)", "05. Dependency Inversion Principle (DIP)", "{0CFABE85-5278-49CC-9D6D-34F258D70B39}"
EndProject
Project("{FAE04EC0-301F-11D3-BF4B-00C04F79EFBC}") = "DIP", "DIP\DIP.csproj", "{F9D7E73E-CB08-49AF-B708-C2EE4A54A03E}"
EndProject
Project("{2150E333-8FDC-42A3-9474-1A3956D46DE8}") = "02. SOLID", "02. SOLID", "{9BD96DD8-854F-41BC-AC1C-C3FBB4E709EC}"
EndProject
Project("{2150E333-8FDC-42A3-9474-1A3956D46DE8}") = "01. Patterns", "01. Patterns", "{2A1C056A-1F85-4D7A-A296-6CA1DFFFAFDA}"
EndProject
Project("{2150E333-8FDC-42A3-9474-1A3956D46DE8}") = "Creational Patterns", "Creational Patterns", "{58D12720-2E70-417B-94B3-B03251A459F8}"
EndProject
Project("{2150E333-8FDC-42A3-9474-1A3956D46DE8}") = "Structural Patterns", "Structural Patterns", "{CE2B86BB-D7E1-4792-BC08-5796830E5B7D}"
EndProject
Project("{2150E333-8FDC-42A3-9474-1A3956D46DE8}") = "Behavioral Patterns", "Behavioral Patterns", "{C8B40344-D088-4840-B2A1-FB846B9A55EB}"
EndProject
Project("{FAE04EC0-301F-11D3-BF4B-00C04F79EFBC}") = "Factory", "Factory\Factory.csproj", "{1FD74E2B-59E5-4237-92F7-D62DD55CFC2C}"
EndProject
Project("{FAE04EC0-301F-11D3-BF4B-00C04F79EFBC}") = "Builder", "Builder\Builder.csproj", "{8DE0429E-9EA4-429D-BDD6-82E21AA5ECAB}"
EndProject
Project("{2150E333-8FDC-42A3-9474-1A3956D46DE8}") = "Elementos de la solución", "Elementos de la solución", "{D107F4C8-89CC-BEA8-D3D7-CA6B7733353D}"
	ProjectSection(SolutionItems) = preProject
		README.md = README.md
	EndProjectSection
EndProject
Global
	GlobalSection(SolutionConfigurationPlatforms) = preSolution
		Debug|Any CPU = Debug|Any CPU
		Release|Any CPU = Release|Any CPU
	EndGlobalSection
	GlobalSection(ProjectConfigurationPlatforms) = postSolution
		{4D6D5048-8547-426C-9024-43210AE4C1FD}.Debug|Any CPU.ActiveCfg = Debug|Any CPU
		{4D6D5048-8547-426C-9024-43210AE4C1FD}.Debug|Any CPU.Build.0 = Debug|Any CPU
		{4D6D5048-8547-426C-9024-43210AE4C1FD}.Release|Any CPU.ActiveCfg = Release|Any CPU
		{4D6D5048-8547-426C-9024-43210AE4C1FD}.Release|Any CPU.Build.0 = Release|Any CPU
		{2A54B0BB-A122-4C15-954E-2A07276EB0B0}.Debug|Any CPU.ActiveCfg = Debug|Any CPU
		{2A54B0BB-A122-4C15-954E-2A07276EB0B0}.Debug|Any CPU.Build.0 = Debug|Any CPU
		{2A54B0BB-A122-4C15-954E-2A07276EB0B0}.Release|Any CPU.ActiveCfg = Release|Any CPU
		{2A54B0BB-A122-4C15-954E-2A07276EB0B0}.Release|Any CPU.Build.0 = Release|Any CPU
		{68AFD9F6-91BB-4C83-93BE-8E950CD1D0C2}.Debug|Any CPU.ActiveCfg = Debug|Any CPU
		{68AFD9F6-91BB-4C83-93BE-8E950CD1D0C2}.Debug|Any CPU.Build.0 = Debug|Any CPU
		{68AFD9F6-91BB-4C83-93BE-8E950CD1D0C2}.Release|Any CPU.ActiveCfg = Release|Any CPU
		{68AFD9F6-91BB-4C83-93BE-8E950CD1D0C2}.Release|Any CPU.Build.0 = Release|Any CPU
		{E28E31C2-DC16-48D6-B165-700020D73434}.Debug|Any CPU.ActiveCfg = Debug|Any CPU
		{E28E31C2-DC16-48D6-B165-700020D73434}.Debug|Any CPU.Build.0 = Debug|Any CPU
		{E28E31C2-DC16-48D6-B165-700020D73434}.Release|Any CPU.ActiveCfg = Release|Any CPU
		{E28E31C2-DC16-48D6-B165-700020D73434}.Release|Any CPU.Build.0 = Release|Any CPU
		{F9D7E73E-CB08-49AF-B708-C2EE4A54A03E}.Debug|Any CPU.ActiveCfg = Debug|Any CPU
		{F9D7E73E-CB08-49AF-B708-C2EE4A54A03E}.Debug|Any CPU.Build.0 = Debug|Any CPU
		{F9D7E73E-CB08-49AF-B708-C2EE4A54A03E}.Release|Any CPU.ActiveCfg = Release|Any CPU
		{F9D7E73E-CB08-49AF-B708-C2EE4A54A03E}.Release|Any CPU.Build.0 = Release|Any CPU
		{1FD74E2B-59E5-4237-92F7-D62DD55CFC2C}.Debug|Any CPU.ActiveCfg = Debug|Any CPU
		{1FD74E2B-59E5-4237-92F7-D62DD55CFC2C}.Debug|Any CPU.Build.0 = Debug|Any CPU
		{1FD74E2B-59E5-4237-92F7-D62DD55CFC2C}.Release|Any CPU.ActiveCfg = Release|Any CPU
		{1FD74E2B-59E5-4237-92F7-D62DD55CFC2C}.Release|Any CPU.Build.0 = Release|Any CPU
		{8DE0429E-9EA4-429D-BDD6-82E21AA5ECAB}.Debug|Any CPU.ActiveCfg = Debug|Any CPU
		{8DE0429E-9EA4-429D-BDD6-82E21AA5ECAB}.Debug|Any CPU.Build.0 = Debug|Any CPU
		{8DE0429E-9EA4-429D-BDD6-82E21AA5ECAB}.Release|Any CPU.ActiveCfg = Release|Any CPU
		{8DE0429E-9EA4-429D-BDD6-82E21AA5ECAB}.Release|Any CPU.Build.0 = Release|Any CPU
	EndGlobalSection
	GlobalSection(SolutionProperties) = preSolution
		HideSolutionNode = FALSE
	EndGlobalSection
	GlobalSection(NestedProjects) = preSolution
		{02EA681E-C7D8-13C7-8484-4AC65E1B71E8} = {9BD96DD8-854F-41BC-AC1C-C3FBB4E709EC}
		{4D6D5048-8547-426C-9024-43210AE4C1FD} = {02EA681E-C7D8-13C7-8484-4AC65E1B71E8}
		{0D2DA38A-5EDC-42B4-A32C-2EAAA946F962} = {9BD96DD8-854F-41BC-AC1C-C3FBB4E709EC}
		{2A54B0BB-A122-4C15-954E-2A07276EB0B0} = {0D2DA38A-5EDC-42B4-A32C-2EAAA946F962}
		{7DE943C8-D397-489D-A1B1-145D131EBE99} = {9BD96DD8-854F-41BC-AC1C-C3FBB4E709EC}
		{68AFD9F6-91BB-4C83-93BE-8E950CD1D0C2} = {7DE943C8-D397-489D-A1B1-145D131EBE99}
		{A32BC86D-A5DA-4527-9527-56B6DF51CFC8} = {9BD96DD8-854F-41BC-AC1C-C3FBB4E709EC}
		{E28E31C2-DC16-48D6-B165-700020D73434} = {A32BC86D-A5DA-4527-9527-56B6DF51CFC8}
		{0CFABE85-5278-49CC-9D6D-34F258D70B39} = {9BD96DD8-854F-41BC-AC1C-C3FBB4E709EC}
		{F9D7E73E-CB08-49AF-B708-C2EE4A54A03E} = {0CFABE85-5278-49CC-9D6D-34F258D70B39}
		{58D12720-2E70-417B-94B3-B03251A459F8} = {2A1C056A-1F85-4D7A-A296-6CA1DFFFAFDA}
		{CE2B86BB-D7E1-4792-BC08-5796830E5B7D} = {2A1C056A-1F85-4D7A-A296-6CA1DFFFAFDA}
		{C8B40344-D088-4840-B2A1-FB846B9A55EB} = {2A1C056A-1F85-4D7A-A296-6CA1DFFFAFDA}
		{1FD74E2B-59E5-4237-92F7-D62DD55CFC2C} = {58D12720-2E70-417B-94B3-B03251A459F8}
		{8DE0429E-9EA4-429D-BDD6-82E21AA5ECAB} = {58D12720-2E70-417B-94B3-B03251A459F8}
	EndGlobalSection
	GlobalSection(ExtensibilityGlobals) = postSolution
		SolutionGuid = {2C4A318E-CDCC-41B3-BEAE-3092D4F7B125}
	EndGlobalSection
EndGlobal
